
Microsoft Visual Studio Solution File, Format Version 12.00
# Visual Studio Version 17
VisualStudioVersion = 17.14.36221.1 d17.14
MinimumVisualStudioVersion = 10.0.40219.1
Project("{FAE04EC0-301F-11D3-BF4B-00C04F79EFBC}") = "Ferreteria", "Ferreteria.csproj", "{4F15F89E-C503-4FDB-B196-799A594E8218}"
EndProject
Global
	GlobalSection(SolutionConfigurationPlatforms) = preSolution
		Debug|Any CPU = Debug|Any CPU
		Release|Any CPU = Release|Any CPU
	EndGlobalSection
	GlobalSection(ProjectConfigurationPlatforms) = postSolution
		{4F15F89E-C503-4FDB-B196-799A594E8218}.Debug|Any CPU.ActiveCfg = Debug|Any CPU
		{4F15F89E-C503-4FDB-B196-799A594E8218}.Debug|Any CPU.Build.0 = Debug|Any CPU
		{4F15F89E-C503-4FDB-B196-799A594E8218}.Release|Any CPU.ActiveCfg = Release|Any CPU
		{4F15F89E-C503-4FDB-B196-799A594E8218}.Release|Any CPU.Build.0 = Release|Any CPU
	EndGlobalSection
	GlobalSection(SolutionProperties) = preSolution
		HideSolutionNode = FALSE
	EndGlobalSection
	GlobalSection(ExtensibilityGlobals) = postSolution
		SolutionGuid = {40599756-F8A4-4810-B9BD-E1D48D5A420E}
	EndGlobalSection
EndGlobal
