
Microsoft Visual Studio Solution File, Format Version 12.00
# Visual Studio Version 17
VisualStudioVersion = 17.14.36301.6 d17.14
MinimumVisualStudioVersion = 10.0.40219.1
Project("{FAE04EC0-301F-11D3-BF4B-00C04F79EFBC}") = "SistemaReservas", "SistemaReservas.csproj", "{5ABAAB32-A214-4419-8046-A548038A760C}"
EndProject
Global
	GlobalSection(SolutionConfigurationPlatforms) = preSolution
		Debug|Any CPU = Debug|Any CPU
		Release|Any CPU = Release|Any CPU
	EndGlobalSection
	GlobalSection(ProjectConfigurationPlatforms) = postSolution
		{5ABAAB32-A214-4419-8046-A548038A760C}.Debug|Any CPU.ActiveCfg = Debug|Any CPU
		{5ABAAB32-A214-4419-8046-A548038A760C}.Debug|Any CPU.Build.0 = Debug|Any CPU
		{5ABAAB32-A214-4419-8046-A548038A760C}.Release|Any CPU.ActiveCfg = Release|Any CPU
		{5ABAAB32-A214-4419-8046-A548038A760C}.Release|Any CPU.Build.0 = Release|Any CPU
	EndGlobalSection
	GlobalSection(SolutionProperties) = preSolution
		HideSolutionNode = FALSE
	EndGlobalSection
	GlobalSection(ExtensibilityGlobals) = postSolution
		SolutionGuid = {0BC434F9-5A26-4852-ABCB-C4E8E9A622F5}
	EndGlobalSection
EndGlobal
