
Microsoft Visual Studio Solution File, Format Version 12.00
# Visual Studio Version 17
VisualStudioVersion = 17.14.36121.58 d17.14
MinimumVisualStudioVersion = 10.0.40219.1
Project("{FAE04EC0-301F-11D3-BF4B-00C04F79EFBC}") = "WindowsFormsCRUD", "WindowsFormsCRUD.csproj", "{1419A4A9-776B-49F6-8236-9F3B56DD6DAA}"
EndProject
Global
	GlobalSection(SolutionConfigurationPlatforms) = preSolution
		Debug|Any CPU = Debug|Any CPU
		Release|Any CPU = Release|Any CPU
	EndGlobalSection
	GlobalSection(ProjectConfigurationPlatforms) = postSolution
		{1419A4A9-776B-49F6-8236-9F3B56DD6DAA}.Debug|Any CPU.ActiveCfg = Debug|Any CPU
		{1419A4A9-776B-49F6-8236-9F3B56DD6DAA}.Debug|Any CPU.Build.0 = Debug|Any CPU
		{1419A4A9-776B-49F6-8236-9F3B56DD6DAA}.Release|Any CPU.ActiveCfg = Release|Any CPU
		{1419A4A9-776B-49F6-8236-9F3B56DD6DAA}.Release|Any CPU.Build.0 = Release|Any CPU
	EndGlobalSection
	GlobalSection(SolutionProperties) = preSolution
		HideSolutionNode = FALSE
	EndGlobalSection
	GlobalSection(ExtensibilityGlobals) = postSolution
		SolutionGuid = {B3BACBD8-8E8F-474F-8872-67E1E57CE3AF}
	EndGlobalSection
EndGlobal
